
Microsoft Visual Studio Solution File, Format Version 12.00
# Visual Studio Version 16
VisualStudioVersion = 16.0.32428.217
MinimumVisualStudioVersion = 10.0.40219.1
Project("{FAE04EC0-301F-11D3-BF4B-00C04F79EFBC}") = "ProjectMVC", "ProjectMVC.csproj", "{283FB3E6-E077-4385-9365-F46B797F0523}"
EndProject
Global
	GlobalSection(SolutionConfigurationPlatforms) = preSolution
		Debug|Any CPU = Debug|Any CPU
		Release|Any CPU = Release|Any CPU
	EndGlobalSection
	GlobalSection(ProjectConfigurationPlatforms) = postSolution
		{283FB3E6-E077-4385-9365-F46B797F0523}.Debug|Any CPU.ActiveCfg = Debug|Any CPU
		{283FB3E6-E077-4385-9365-F46B797F0523}.Debug|Any CPU.Build.0 = Debug|Any CPU
		{283FB3E6-E077-4385-9365-F46B797F0523}.Release|Any CPU.ActiveCfg = Release|Any CPU
		{283FB3E6-E077-4385-9365-F46B797F0523}.Release|Any CPU.Build.0 = Release|Any CPU
	EndGlobalSection
	GlobalSection(SolutionProperties) = preSolution
		HideSolutionNode = FALSE
	EndGlobalSection
	GlobalSection(ExtensibilityGlobals) = postSolution
		SolutionGuid = {68A7AE91-9FA8-42C0-A19D-121978F17947}
	EndGlobalSection
EndGlobal
